
Microsoft Visual Studio Solution File, Format Version 12.00
# Visual Studio Version 17
VisualStudioVersion = 17.11.35208.52
MinimumVisualStudioVersion = 10.0.40219.1
Project("{FAE04EC0-301F-11D3-BF4B-00C04F79EFBC}") = "ZOHD airplane software", "ZOHD airplane software.csproj", "{9E69D5B4-41E4-4AC3-BA13-14AA8680121E}"
EndProject
Global
	GlobalSection(SolutionConfigurationPlatforms) = preSolution
		Debug|Any CPU = Debug|Any CPU
		Release|Any CPU = Release|Any CPU
	EndGlobalSection
	GlobalSection(ProjectConfigurationPlatforms) = postSolution
		{9E69D5B4-41E4-4AC3-BA13-14AA8680121E}.Debug|Any CPU.ActiveCfg = Debug|Any CPU
		{9E69D5B4-41E4-4AC3-BA13-14AA8680121E}.Debug|Any CPU.Build.0 = Debug|Any CPU
		{9E69D5B4-41E4-4AC3-BA13-14AA8680121E}.Release|Any CPU.ActiveCfg = Release|Any CPU
		{9E69D5B4-41E4-4AC3-BA13-14AA8680121E}.Release|Any CPU.Build.0 = Release|Any CPU
	EndGlobalSection
	GlobalSection(SolutionProperties) = preSolution
		HideSolutionNode = FALSE
	EndGlobalSection
	GlobalSection(ExtensibilityGlobals) = postSolution
		SolutionGuid = {1CBDD55D-FC0D-41E6-B197-D6B277A0EADF}
	EndGlobalSection
EndGlobal
