
Microsoft Visual Studio Solution File, Format Version 12.00
# Visual Studio Version 17
VisualStudioVersion = 17.11.35208.52
MinimumVisualStudioVersion = 10.0.40219.1
Project("{9A19103F-16F7-4668-BE54-9A1E7A4F7556}") = "Ground base software", "Ground base software.csproj", "{3E083ABA-7717-41EF-A710-4871621F94E2}"
EndProject
Project("{2150E333-8FDC-42A3-9474-1A3956D46DE8}") = "Solution Items", "Solution Items", "{60CFEF69-60DD-4B75-B448-A8CCE1B11469}"
	ProjectSection(SolutionItems) = preProject
		C:\Program Files\VideoLAN\VLC\libvlc.dll = C:\Program Files\VideoLAN\VLC\libvlc.dll
		C:\Program Files\VideoLAN\VLC\libvlccore.dll = C:\Program Files\VideoLAN\VLC\libvlccore.dll
	EndProjectSection
EndProject
Global
	GlobalSection(SolutionConfigurationPlatforms) = preSolution
		Debug|Any CPU = Debug|Any CPU
		Release|Any CPU = Release|Any CPU
	EndGlobalSection
	GlobalSection(ProjectConfigurationPlatforms) = postSolution
		{3E083ABA-7717-41EF-A710-4871621F94E2}.Debug|Any CPU.ActiveCfg = Debug|Any CPU
		{3E083ABA-7717-41EF-A710-4871621F94E2}.Debug|Any CPU.Build.0 = Debug|Any CPU
		{3E083ABA-7717-41EF-A710-4871621F94E2}.Release|Any CPU.ActiveCfg = Release|Any CPU
		{3E083ABA-7717-41EF-A710-4871621F94E2}.Release|Any CPU.Build.0 = Release|Any CPU
	EndGlobalSection
	GlobalSection(SolutionProperties) = preSolution
		HideSolutionNode = FALSE
	EndGlobalSection
	GlobalSection(ExtensibilityGlobals) = postSolution
		SolutionGuid = {C1A3AE42-CBD2-44BE-9E5A-7F4784FBA205}
	EndGlobalSection
EndGlobal
